
Microsoft Visual Studio Solution File, Format Version 12.00
# Visual Studio Version 16
VisualStudioVersion = 16.0.29920.165
MinimumVisualStudioVersion = 10.0.40219.1
Project("{FAE04EC0-301F-11D3-BF4B-00C04F79EFBC}") = "ProjetoCadastroRelatorioCrystal", "ProjetoCadastroRelatorioCrystal.csproj", "{3D129260-94A6-436B-8224-C2A5F84B0E11}"
EndProject
Global
	GlobalSection(SolutionConfigurationPlatforms) = preSolution
		Debug|Any CPU = Debug|Any CPU
		Release|Any CPU = Release|Any CPU
	EndGlobalSection
	GlobalSection(ProjectConfigurationPlatforms) = postSolution
		{3D129260-94A6-436B-8224-C2A5F84B0E11}.Debug|Any CPU.ActiveCfg = Debug|Any CPU
		{3D129260-94A6-436B-8224-C2A5F84B0E11}.Debug|Any CPU.Build.0 = Debug|Any CPU
		{3D129260-94A6-436B-8224-C2A5F84B0E11}.Release|Any CPU.ActiveCfg = Release|Any CPU
		{3D129260-94A6-436B-8224-C2A5F84B0E11}.Release|Any CPU.Build.0 = Release|Any CPU
	EndGlobalSection
	GlobalSection(SolutionProperties) = preSolution
		HideSolutionNode = FALSE
	EndGlobalSection
	GlobalSection(ExtensibilityGlobals) = postSolution
		SolutionGuid = {EA2706A3-43B3-44E0-B2E9-D29D6AF6FE93}
	EndGlobalSection
EndGlobal
